
Microsoft Visual Studio Solution File, Format Version 12.00
# Visual Studio Version 17
VisualStudioVersion = 17.14.36429.23 d17.14
MinimumVisualStudioVersion = 10.0.40219.1
Project("{FAE04EC0-301F-11D3-BF4B-00C04F79EFBC}") = "HelpDeskDesktop", "HelpDeskDesktop\HelpDeskDesktop.csproj", "{6C7B0D75-929F-4E76-A83B-17B8B2DAE545}"
EndProject
Global
	GlobalSection(SolutionConfigurationPlatforms) = preSolution
		Debug|Any CPU = Debug|Any CPU
		Release|Any CPU = Release|Any CPU
	EndGlobalSection
	GlobalSection(ProjectConfigurationPlatforms) = postSolution
		{6C7B0D75-929F-4E76-A83B-17B8B2DAE545}.Debug|Any CPU.ActiveCfg = Debug|Any CPU
		{6C7B0D75-929F-4E76-A83B-17B8B2DAE545}.Debug|Any CPU.Build.0 = Debug|Any CPU
		{6C7B0D75-929F-4E76-A83B-17B8B2DAE545}.Release|Any CPU.ActiveCfg = Release|Any CPU
		{6C7B0D75-929F-4E76-A83B-17B8B2DAE545}.Release|Any CPU.Build.0 = Release|Any CPU
	EndGlobalSection
	GlobalSection(SolutionProperties) = preSolution
		HideSolutionNode = FALSE
	EndGlobalSection
	GlobalSection(ExtensibilityGlobals) = postSolution
		SolutionGuid = {9FF7A50B-5509-4529-A31D-B4A45C78125F}
	EndGlobalSection
EndGlobal
